
Microsoft Visual Studio Solution File, Format Version 12.00
# Visual Studio Version 16
VisualStudioVersion = 16.0.30717.126
MinimumVisualStudioVersion = 10.0.40219.1
Project("{FAE04EC0-301F-11D3-BF4B-00C04F79EFBC}") = "RemoteClipboard", "RemoteClipboard\RemoteClipboard.csproj", "{843C15D6-8B9D-4814-8652-2BDFB9BB8E13}"
EndProject
Global
	GlobalSection(SolutionConfigurationPlatforms) = preSolution
		Debug|Any CPU = Debug|Any CPU
		Release|Any CPU = Release|Any CPU
	EndGlobalSection
	GlobalSection(ProjectConfigurationPlatforms) = postSolution
		{843C15D6-8B9D-4814-8652-2BDFB9BB8E13}.Debug|Any CPU.ActiveCfg = Debug|Any CPU
		{843C15D6-8B9D-4814-8652-2BDFB9BB8E13}.Debug|Any CPU.Build.0 = Debug|Any CPU
		{843C15D6-8B9D-4814-8652-2BDFB9BB8E13}.Release|Any CPU.ActiveCfg = Release|Any CPU
		{843C15D6-8B9D-4814-8652-2BDFB9BB8E13}.Release|Any CPU.Build.0 = Release|Any CPU
	EndGlobalSection
	GlobalSection(SolutionProperties) = preSolution
		HideSolutionNode = FALSE
	EndGlobalSection
	GlobalSection(ExtensibilityGlobals) = postSolution
		SolutionGuid = {433CE2E0-3B63-449F-AE9C-B20BD8D8A768}
	EndGlobalSection
EndGlobal
