
Microsoft Visual Studio Solution File, Format Version 12.00
# Visual Studio Version 16
VisualStudioVersion = 16.0.30717.126
MinimumVisualStudioVersion = 10.0.40219.1
Project("{FAE04EC0-301F-11D3-BF4B-00C04F79EFBC}") = "屏幕截图", "屏幕截图\屏幕截图.csproj", "{9707AA2B-8A70-4997-A337-6DA729108361}"
EndProject
Global
	GlobalSection(SolutionConfigurationPlatforms) = preSolution
		Debug|Any CPU = Debug|Any CPU
		Release|Any CPU = Release|Any CPU
	EndGlobalSection
	GlobalSection(ProjectConfigurationPlatforms) = postSolution
		{9707AA2B-8A70-4997-A337-6DA729108361}.Debug|Any CPU.ActiveCfg = Debug|Any CPU
		{9707AA2B-8A70-4997-A337-6DA729108361}.Debug|Any CPU.Build.0 = Debug|Any CPU
		{9707AA2B-8A70-4997-A337-6DA729108361}.Release|Any CPU.ActiveCfg = Release|Any CPU
		{9707AA2B-8A70-4997-A337-6DA729108361}.Release|Any CPU.Build.0 = Release|Any CPU
	EndGlobalSection
	GlobalSection(SolutionProperties) = preSolution
		HideSolutionNode = FALSE
	EndGlobalSection
	GlobalSection(ExtensibilityGlobals) = postSolution
		SolutionGuid = {47D49F6C-8A36-4E42-B1B6-1C94BCD7D74C}
	EndGlobalSection
EndGlobal
