
Microsoft Visual Studio Solution File, Format Version 12.00
# Visual Studio Version 16
VisualStudioVersion = 16.0.30717.126
MinimumVisualStudioVersion = 10.0.40219.1
Project("{FAE04EC0-301F-11D3-BF4B-00C04F79EFBC}") = "SocketTcpServer", "SocketTcpServer\SocketTcpServer.csproj", "{4E6648A9-0148-4638-94A2-C240D2C1516F}"
EndProject
Global
	GlobalSection(SolutionConfigurationPlatforms) = preSolution
		Debug|Any CPU = Debug|Any CPU
		Release|Any CPU = Release|Any CPU
	EndGlobalSection
	GlobalSection(ProjectConfigurationPlatforms) = postSolution
		{4E6648A9-0148-4638-94A2-C240D2C1516F}.Debug|Any CPU.ActiveCfg = Debug|Any CPU
		{4E6648A9-0148-4638-94A2-C240D2C1516F}.Debug|Any CPU.Build.0 = Debug|Any CPU
		{4E6648A9-0148-4638-94A2-C240D2C1516F}.Release|Any CPU.ActiveCfg = Release|Any CPU
		{4E6648A9-0148-4638-94A2-C240D2C1516F}.Release|Any CPU.Build.0 = Release|Any CPU
	EndGlobalSection
	GlobalSection(SolutionProperties) = preSolution
		HideSolutionNode = FALSE
	EndGlobalSection
	GlobalSection(ExtensibilityGlobals) = postSolution
		SolutionGuid = {45D82170-308F-41CD-9703-7B41BE2E711C}
	EndGlobalSection
EndGlobal
